
Microsoft Visual Studio Solution File, Format Version 12.00
# Visual Studio Version 16
VisualStudioVersion = 16.0.32106.194
MinimumVisualStudioVersion = 10.0.40219.1
Project("{FAE04EC0-301F-11D3-BF4B-00C04F79EFBC}") = "ConsoleAppAids3", "ConsoleAppAids3\ConsoleAppAids3.csproj", "{5A6766D8-2A8E-4F03-9C82-C42C5537F73E}"
EndProject
Project("{FAE04EC0-301F-11D3-BF4B-00C04F79EFBC}") = "TestStand", "TestStand\TestStand.csproj", "{220D2FC6-EE2A-4CDC-9638-CC18903ABDCD}"
	ProjectSection(ProjectDependencies) = postProject
		{5A6766D8-2A8E-4F03-9C82-C42C5537F73E} = {5A6766D8-2A8E-4F03-9C82-C42C5537F73E}
	EndProjectSection
EndProject
Project("{FAE04EC0-301F-11D3-BF4B-00C04F79EFBC}") = "EOJTEST", "EOJTEST\EOJTEST.csproj", "{130A75E5-50FC-4212-8B25-C573FFD45518}"
	ProjectSection(ProjectDependencies) = postProject
		{5A6766D8-2A8E-4F03-9C82-C42C5537F73E} = {5A6766D8-2A8E-4F03-9C82-C42C5537F73E}
	EndProjectSection
EndProject
Project("{2150E333-8FDC-42A3-9474-1A3956D46DE8}") = "Solution Items", "Solution Items", "{32905832-CCDC-4DBB-80F2-EF0EAC03B5E7}"
	ProjectSection(SolutionItems) = preProject
		ChangeLog.md = ChangeLog.md
		README.md = README.md
	EndProjectSection
EndProject
Global
	GlobalSection(SolutionConfigurationPlatforms) = preSolution
		Debug|Any CPU = Debug|Any CPU
		Debug|Mixed Platforms = Debug|Mixed Platforms
		Debug|x86 = Debug|x86
		Release|Any CPU = Release|Any CPU
		Release|Mixed Platforms = Release|Mixed Platforms
		Release|x86 = Release|x86
	EndGlobalSection
	GlobalSection(ProjectConfigurationPlatforms) = postSolution
		{5A6766D8-2A8E-4F03-9C82-C42C5537F73E}.Debug|Any CPU.ActiveCfg = Debug|Any CPU
		{5A6766D8-2A8E-4F03-9C82-C42C5537F73E}.Debug|Any CPU.Build.0 = Debug|Any CPU
		{5A6766D8-2A8E-4F03-9C82-C42C5537F73E}.Debug|Mixed Platforms.ActiveCfg = Debug|Any CPU
		{5A6766D8-2A8E-4F03-9C82-C42C5537F73E}.Debug|Mixed Platforms.Build.0 = Debug|Any CPU
		{5A6766D8-2A8E-4F03-9C82-C42C5537F73E}.Debug|x86.ActiveCfg = Debug|Any CPU
		{5A6766D8-2A8E-4F03-9C82-C42C5537F73E}.Release|Any CPU.ActiveCfg = Release|Any CPU
		{5A6766D8-2A8E-4F03-9C82-C42C5537F73E}.Release|Any CPU.Build.0 = Release|Any CPU
		{5A6766D8-2A8E-4F03-9C82-C42C5537F73E}.Release|Mixed Platforms.ActiveCfg = Release|Any CPU
		{5A6766D8-2A8E-4F03-9C82-C42C5537F73E}.Release|Mixed Platforms.Build.0 = Release|Any CPU
		{5A6766D8-2A8E-4F03-9C82-C42C5537F73E}.Release|x86.ActiveCfg = Release|Any CPU
		{220D2FC6-EE2A-4CDC-9638-CC18903ABDCD}.Debug|Any CPU.ActiveCfg = Debug|Any CPU
		{220D2FC6-EE2A-4CDC-9638-CC18903ABDCD}.Debug|Any CPU.Build.0 = Debug|Any CPU
		{220D2FC6-EE2A-4CDC-9638-CC18903ABDCD}.Debug|Mixed Platforms.ActiveCfg = Debug|x86
		{220D2FC6-EE2A-4CDC-9638-CC18903ABDCD}.Debug|Mixed Platforms.Build.0 = Debug|x86
		{220D2FC6-EE2A-4CDC-9638-CC18903ABDCD}.Debug|x86.ActiveCfg = Debug|x86
		{220D2FC6-EE2A-4CDC-9638-CC18903ABDCD}.Debug|x86.Build.0 = Debug|x86
		{220D2FC6-EE2A-4CDC-9638-CC18903ABDCD}.Release|Any CPU.ActiveCfg = Release|Any CPU
		{220D2FC6-EE2A-4CDC-9638-CC18903ABDCD}.Release|Any CPU.Build.0 = Release|Any CPU
		{220D2FC6-EE2A-4CDC-9638-CC18903ABDCD}.Release|Mixed Platforms.ActiveCfg = Release|x86
		{220D2FC6-EE2A-4CDC-9638-CC18903ABDCD}.Release|Mixed Platforms.Build.0 = Release|x86
		{220D2FC6-EE2A-4CDC-9638-CC18903ABDCD}.Release|x86.ActiveCfg = Release|x86
		{220D2FC6-EE2A-4CDC-9638-CC18903ABDCD}.Release|x86.Build.0 = Release|x86
		{130A75E5-50FC-4212-8B25-C573FFD45518}.Debug|Any CPU.ActiveCfg = Debug|Any CPU
		{130A75E5-50FC-4212-8B25-C573FFD45518}.Debug|Any CPU.Build.0 = Debug|Any CPU
		{130A75E5-50FC-4212-8B25-C573FFD45518}.Debug|Mixed Platforms.ActiveCfg = Debug|x86
		{130A75E5-50FC-4212-8B25-C573FFD45518}.Debug|Mixed Platforms.Build.0 = Debug|x86
		{130A75E5-50FC-4212-8B25-C573FFD45518}.Debug|x86.ActiveCfg = Debug|x86
		{130A75E5-50FC-4212-8B25-C573FFD45518}.Debug|x86.Build.0 = Debug|x86
		{130A75E5-50FC-4212-8B25-C573FFD45518}.Release|Any CPU.ActiveCfg = Release|Any CPU
		{130A75E5-50FC-4212-8B25-C573FFD45518}.Release|Any CPU.Build.0 = Release|Any CPU
		{130A75E5-50FC-4212-8B25-C573FFD45518}.Release|Mixed Platforms.ActiveCfg = Release|x86
		{130A75E5-50FC-4212-8B25-C573FFD45518}.Release|Mixed Platforms.Build.0 = Release|x86
		{130A75E5-50FC-4212-8B25-C573FFD45518}.Release|x86.ActiveCfg = Release|x86
		{130A75E5-50FC-4212-8B25-C573FFD45518}.Release|x86.Build.0 = Release|x86
	EndGlobalSection
	GlobalSection(SolutionProperties) = preSolution
		HideSolutionNode = FALSE
	EndGlobalSection
	GlobalSection(ExtensibilityGlobals) = postSolution
		SolutionGuid = {B8F5EB36-BABB-425C-9029-12B0EE480BC6}
	EndGlobalSection
EndGlobal
